
Microsoft Visual Studio Solution File, Format Version 12.00
# Visual Studio Version 17
VisualStudioVersion = 17.1.32319.34
MinimumVisualStudioVersion = 10.0.40219.1
Project("{FAE04EC0-301F-11D3-BF4B-00C04F79EFBC}") = "5REACH1-API", "5REACH1-API.csproj", "{73C9F61E-1365-4BA0-BE55-78DC136222AE}"
EndProject
Global
	GlobalSection(SolutionConfigurationPlatforms) = preSolution
		Debug|Any CPU = Debug|Any CPU
		Release|Any CPU = Release|Any CPU
	EndGlobalSection
	GlobalSection(ProjectConfigurationPlatforms) = postSolution
		{73C9F61E-1365-4BA0-BE55-78DC136222AE}.Debug|Any CPU.ActiveCfg = Debug|Any CPU
		{73C9F61E-1365-4BA0-BE55-78DC136222AE}.Debug|Any CPU.Build.0 = Debug|Any CPU
		{73C9F61E-1365-4BA0-BE55-78DC136222AE}.Release|Any CPU.ActiveCfg = Release|Any CPU
		{73C9F61E-1365-4BA0-BE55-78DC136222AE}.Release|Any CPU.Build.0 = Release|Any CPU
	EndGlobalSection
	GlobalSection(SolutionProperties) = preSolution
		HideSolutionNode = FALSE
	EndGlobalSection
	GlobalSection(ExtensibilityGlobals) = postSolution
		SolutionGuid = {5A006A1E-CD54-41AB-879A-16A105E219E2}
	EndGlobalSection
EndGlobal
